{
  "name": "@xauto/admin",
  "version": "0.1.0",
  "lockfileVersion": 1,
  "requires": true,
  "dependencies": {
    "@ant-design/colors": {
      "version": "8.0.1",
      "resolved": "https://registry.npmmirror.com/@ant-design/colors/-/colors-8.0.1.tgz",
      "integrity": "sha512-foPVl0+SWIslGUtD/xBr1p9U4AKzPhNYEseXYRRo5QSzGACYZrQbe11AYJbYfAWnWSpGBx6JjBmSeugUsD9vqQ==",
      "requires": {
        "@ant-design/fast-color": "^3.0.0"
      }
    },
    "@ant-design/cssinjs": {
      "version": "2.1.0",
      "resolved": "https://registry.npmmirror.com/@ant-design/cssinjs/-/cssinjs-2.1.0.tgz",
      "integrity": "sha512-eZFrPCnrYrF3XtL7qA4L75P0qA3TtZta8H3Yggy7UYFh8gZgu5bSMNF+v4UVCzGxzYmx8ZvPdgOce0BJ6PsW9g==",
      "requires": {
        "@babel/runtime": "^7.11.1",
        "@emotion/hash": "^0.8.0",
        "@emotion/unitless": "^0.7.5",
        "@rc-component/util": "^1.4.0",
        "clsx": "^2.1.1",
        "csstype": "^3.1.3",
        "stylis": "^4.3.4"
      }
    },
    "@ant-design/cssinjs-utils": {
      "version": "2.1.1",
      "resolved": "https://registry.npmmirror.com/@ant-design/cssinjs-utils/-/cssinjs-utils-2.1.1.tgz",
      "integrity": "sha512-RKxkj5pGFB+FkPJ5NGhoX3DK3xsv0pMltha7Ei1AnY3tILeq38L7tuhaWDPQI/5nlPxOog44wvqpNyyGcUsNMg==",
      "requires": {
        "@ant-design/cssinjs": "^2.1.0",
        "@babel/runtime": "^7.23.2",
        "@rc-component/util": "^1.4.0"
      }
    },
    "@ant-design/fast-color": {
      "version": "3.0.1",
      "resolved": "https://registry.npmmirror.com/@ant-design/fast-color/-/fast-color-3.0.1.tgz",
      "integrity": "sha512-esKJegpW4nckh0o6kV3Tkb7NPIZYbPnnFxmQDUmL08ukXZAvV85TZBr70eGuke/CIArLaP6aw8lt9KILjnWuOw=="
    },
    "@ant-design/icons": {
      "version": "6.1.0",
      "resolved": "https://registry.npmmirror.com/@ant-design/icons/-/icons-6.1.0.tgz",
      "integrity": "sha512-KrWMu1fIg3w/1F2zfn+JlfNDU8dDqILfA5Tg85iqs1lf8ooyGlbkA+TkwfOKKgqpUmAiRY1PTFpuOU2DAIgSUg==",
      "requires": {
        "@ant-design/colors": "^8.0.0",
        "@ant-design/icons-svg": "^4.4.0",
        "@rc-component/util": "^1.3.0",
        "clsx": "^2.1.1"
      }
    },
    "@ant-design/icons-svg": {
      "version": "4.4.2",
      "resolved": "https://registry.npmmirror.com/@ant-design/icons-svg/-/icons-svg-4.4.2.tgz",
      "integrity": "sha512-vHbT+zJEVzllwP+CM+ul7reTEfBR0vgxFe7+lREAsAA7YGsYpboiq2sQNeQeRvh09GfQgs/GyFEvZpJ9cLXpXA=="
    },
    "@ant-design/nextjs-registry": {
      "version": "1.3.0",
      "resolved": "https://registry.npmmirror.com/@ant-design/nextjs-registry/-/nextjs-registry-1.3.0.tgz",
      "integrity": "sha512-lHlg5bnj3LPYHUD+iZsO1k11NhIrx1mLWh2DXQ0m3Ly3OSaYfgeHX0WoVXxdVjEGjjYnPTe+OUY7YvU/p1aPZw=="
    },
    "@ant-design/react-slick": {
      "version": "2.0.0",
      "resolved": "https://registry.npmmirror.com/@ant-design/react-slick/-/react-slick-2.0.0.tgz",
      "integrity": "sha512-HMS9sRoEmZey8LsE/Yo6+klhlzU12PisjrVcydW3So7RdklyEd2qehyU6a7Yp+OYN72mgsYs3NFCyP2lCPFVqg==",
      "requires": {
        "@babel/runtime": "^7.28.4",
        "clsx": "^2.1.1",
        "json2mq": "^0.2.0",
        "throttle-debounce": "^5.0.0"
      }
    },
    "@babel/runtime": {
      "version": "7.28.6",
      "resolved": "https://registry.npmmirror.com/@babel/runtime/-/runtime-7.28.6.tgz",
      "integrity": "sha512-05WQkdpL9COIMz4LjTxGpPNCdlpyimKppYNoJ5Di5EUObifl8t4tuLuUBBZEpoLYOmfvIWrsp9fCl0HoPRVTdA=="
    },
    "@emotion/hash": {
      "version": "0.8.0",
      "resolved": "https://registry.npmmirror.com/@emotion/hash/-/hash-0.8.0.tgz",
      "integrity": "sha512-kBJtf7PH6aWwZ6fka3zQ0p6SBYzx4fl1LoZXE2RrnYST9Xljm7WfKJrU4g/Xr3Beg72MLrp1AWNUmuYJTL7Cow=="
    },
    "@emotion/unitless": {
      "version": "0.7.5",
      "resolved": "https://registry.npmmirror.com/@emotion/unitless/-/unitless-0.7.5.tgz",
      "integrity": "sha512-OWORNpfjMsSSUBVrRBVGECkhWcULOAJz9ZW8uK9qgxD+87M7jHRcvh/A96XXNhXTLmKcoYSQtBEX7lHMO7YRwg=="
    },
    "@rc-component/async-validator": {
      "version": "5.1.0",
      "resolved": "https://registry.npmmirror.com/@rc-component/async-validator/-/async-validator-5.1.0.tgz",
      "integrity": "sha512-n4HcR5siNUXRX23nDizbZBQPO0ZM/5oTtmKZ6/eqL0L2bo747cklFdZGRN2f+c9qWGICwDzrhW0H7tE9PptdcA==",
      "requires": {
        "@babel/runtime": "^7.24.4"
      }
    },
    "@rc-component/cascader": {
      "version": "1.14.0",
      "resolved": "https://registry.npmmirror.com/@rc-component/cascader/-/cascader-1.14.0.tgz",
      "integrity": "sha512-Ip9356xwZUR2nbW5PRVGif4B/bDve4pLa/N+PGbvBaTnjbvmN4PFMBGQSmlDlzKP1ovxaYMvwF/dI9lXNLT4iQ==",
      "requires": {
        "@rc-component/select": "~1.6.0",
        "@rc-component/tree": "~1.2.0",
        "@rc-component/util": "^1.4.0",
        "clsx": "^2.1.1"
      }
    },
    "@rc-component/checkbox": {
      "version": "2.0.0",
      "resolved": "https://registry.npmmirror.com/@rc-component/checkbox/-/checkbox-2.0.0.tgz",
      "integrity": "sha512-3CXGPpAR9gsPKeO2N78HAPOzU30UdemD6HGJoWVJOpa6WleaGB5kzZj3v6bdTZab31YuWgY/RxV3VKPctn0DwQ==",
      "requires": {
        "@rc-component/util": "^1.3.0",
        "clsx": "^2.1.1"
      }
    },
    "@rc-component/collapse": {
      "version": "1.2.0",
      "resolved": "https://registry.npmmirror.com/@rc-component/collapse/-/collapse-1.2.0.tgz",
      "integrity": "sha512-ZRYSKSS39qsFx93p26bde7JUZJshsUBEQRlRXPuJYlAiNX0vyYlF5TsAm8JZN3LcF8XvKikdzPbgAtXSbkLUkw==",
      "requires": {
        "@babel/runtime": "^7.10.1",
        "@rc-component/motion": "^1.1.4",
        "@rc-component/util": "^1.3.0",
        "clsx": "^2.1.1"
      }
    },
    "@rc-component/color-picker": {
      "version": "3.1.0",
      "resolved": "https://registry.npmmirror.com/@rc-component/color-picker/-/color-picker-3.1.0.tgz",
      "integrity": "sha512-o7Vavj7yyfVxFmeynXf0fCHVlC0UTE9al74c6nYuLck+gjuVdQNWSVXR8Efq/mmWFy7891SCOsfaPq6Eqe1s/g==",
      "requires": {
        "@ant-design/fast-color": "^3.0.0",
        "@rc-component/util": "^1.3.0",
        "clsx": "^2.1.1"
      }
    },
    "@rc-component/context": {
      "version": "2.0.1",
      "resolved": "https://registry.npmmirror.com/@rc-component/context/-/context-2.0.1.tgz",
      "integrity": "sha512-HyZbYm47s/YqtP6pKXNMjPEMaukyg7P0qVfgMLzr7YiFNMHbK2fKTAGzms9ykfGHSfyf75nBbgWw+hHkp+VImw==",
      "requires": {
        "@rc-component/util": "^1.3.0"
      }
    },
    "@rc-component/dialog": {
      "version": "1.8.4",
      "resolved": "https://registry.npmmirror.com/@rc-component/dialog/-/dialog-1.8.4.tgz",
      "integrity": "sha512-Ay6PM7phkTkquplG8fWfUGFZ2GTLx9diTl4f0d8Eqxd7W1u1KjE9AQooFQHOHnhZf0Ya3z51+5EKCWHmt/dNEw==",
      "requires": {
        "@rc-component/motion": "^1.1.3",
        "@rc-component/portal": "^2.1.0",
        "@rc-component/util": "^1.9.0",
        "clsx": "^2.1.1"
      }
    },
    "@rc-component/drawer": {
      "version": "1.4.2",
      "resolved": "https://registry.npmmirror.com/@rc-component/drawer/-/drawer-1.4.2.tgz",
      "integrity": "sha512-1ib+fZEp6FBu+YvcIktm+nCQ+Q+qIpwpoaJH6opGr4ofh2QMq+qdr5DLC4oCf5qf3pcWX9lUWPYX652k4ini8Q==",
      "requires": {
        "@rc-component/motion": "^1.1.4",
        "@rc-component/portal": "^2.1.3",
        "@rc-component/util": "^1.9.0",
        "clsx": "^2.1.1"
      }
    },
    "@rc-component/dropdown": {
      "version": "1.0.2",
      "resolved": "https://registry.npmmirror.com/@rc-component/dropdown/-/dropdown-1.0.2.tgz",
      "integrity": "sha512-6PY2ecUSYhDPhkNHHb4wfeAya04WhpmUSKzdR60G+kMNVUCX2vjT/AgTS0Lz0I/K6xrPMJ3enQbwVpeN3sHCgg==",
      "requires": {
        "@rc-component/trigger": "^3.0.0",
        "@rc-component/util": "^1.2.1",
        "clsx": "^2.1.1"
      }
    },
    "@rc-component/form": {
      "version": "1.6.2",
      "resolved": "https://registry.npmmirror.com/@rc-component/form/-/form-1.6.2.tgz",
      "integrity": "sha512-OgIn2RAoaSBqaIgzJf/X6iflIa9LpTozci1lagLBdURDFhGA370v0+T0tXxOi8YShMjTha531sFhwtnrv+EJaQ==",
      "requires": {
        "@rc-component/async-validator": "^5.1.0",
        "@rc-component/util": "^1.6.2",
        "clsx": "^2.1.1"
      }
    },
    "@rc-component/image": {
      "version": "1.6.0",
      "resolved": "https://registry.npmmirror.com/@rc-component/image/-/image-1.6.0.tgz",
      "integrity": "sha512-tSfn2ZE/oP082g4QIOxeehkmgnXB7R+5AFj/lIFr4k7pEuxHBdyGIq9axoCY9qea8NN0DY6p4IB/F07tLqaT5A==",
      "requires": {
        "@rc-component/motion": "^1.0.0",
        "@rc-component/portal": "^2.1.2",
        "@rc-component/util": "^1.3.0",
        "clsx": "^2.1.1"
      }
    },
    "@rc-component/input": {
      "version": "1.1.2",
      "resolved": "https://registry.npmmirror.com/@rc-component/input/-/input-1.1.2.tgz",
      "integrity": "sha512-Q61IMR47piUBudgixJ30CciKIy9b1H95qe7GgEKOmSJVJXvFRWJllJfQry9tif+MX2cWFXWJf/RXz4kaCeq/Fg==",
      "requires": {
        "@rc-component/util": "^1.4.0",
        "clsx": "^2.1.1"
      }
    },
    "@rc-component/input-number": {
      "version": "1.6.2",
      "resolved": "https://registry.npmmirror.com/@rc-component/input-number/-/input-number-1.6.2.tgz",
      "integrity": "sha512-Gjcq7meZlCOiWN1t1xCC+7/s85humHVokTBI7PJgTfoyw5OWF74y3e6P8PHX104g9+b54jsodFIzyaj6p8LI9w==",
      "requires": {
        "@rc-component/mini-decimal": "^1.0.1",
        "@rc-component/util": "^1.4.0",
        "clsx": "^2.1.1"
      }
    },
    "@rc-component/mentions": {
      "version": "1.6.0",
      "resolved": "https://registry.npmmirror.com/@rc-component/mentions/-/mentions-1.6.0.tgz",
      "integrity": "sha512-KIkQNP6habNuTsLhUv0UGEOwG67tlmE7KNIJoQZZNggEZl5lQJTytFDb69sl5CK3TDdISCTjKP3nGEBKgT61CQ==",
      "requires": {
        "@rc-component/input": "~1.1.0",
        "@rc-component/menu": "~1.2.0",
        "@rc-component/textarea": "~1.1.0",
        "@rc-component/trigger": "^3.0.0",
        "@rc-component/util": "^1.3.0",
        "clsx": "^2.1.1"
      }
    },
    "@rc-component/menu": {
      "version": "1.2.0",
      "resolved": "https://registry.npmmirror.com/@rc-component/menu/-/menu-1.2.0.tgz",
      "integrity": "sha512-VWwDuhvYHSnTGj4n6bV3ISrLACcPAzdPOq3d0BzkeiM5cve8BEYfvkEhNoM0PLzv51jpcejeyrLXeMVIJ+QJlg==",
      "requires": {
        "@rc-component/motion": "^1.1.4",
        "@rc-component/overflow": "^1.0.0",
        "@rc-component/trigger": "^3.0.0",
        "@rc-component/util": "^1.3.0",
        "clsx": "^2.1.1"
      }
    },
    "@rc-component/mini-decimal": {
      "version": "1.1.0",
      "resolved": "https://registry.npmmirror.com/@rc-component/mini-decimal/-/mini-decimal-1.1.0.tgz",
      "integrity": "sha512-jS4E7T9Li2GuYwI6PyiVXmxTiM6b07rlD9Ge8uGZSCz3WlzcG5ZK7g5bbuKNeZ9pgUuPK/5guV781ujdVpm4HQ==",
      "requires": {
        "@babel/runtime": "^7.18.0"
      }
    },
    "@rc-component/motion": {
      "version": "1.1.6",
      "resolved": "https://registry.npmmirror.com/@rc-component/motion/-/motion-1.1.6.tgz",
      "integrity": "sha512-aEQobs/YA0kqRvHIPjQvOytdtdRVyhf/uXAal4chBjxDu6odHckExJzjn2D+Ju1aKK6hx3pAs6BXdV9+86xkgQ==",
      "requires": {
        "@rc-component/util": "^1.2.0",
        "clsx": "^2.1.1"
      }
    },
    "@rc-component/mutate-observer": {
      "version": "2.0.1",
      "resolved": "https://registry.npmmirror.com/@rc-component/mutate-observer/-/mutate-observer-2.0.1.tgz",
      "integrity": "sha512-AyarjoLU5YlxuValRi+w8JRH2Z84TBbFO2RoGWz9d8bSu0FqT8DtugH3xC3BV7mUwlmROFauyWuXFuq4IFbH+w==",
      "requires": {
        "@rc-component/util": "^1.2.0"
      }
    },
    "@rc-component/notification": {
      "version": "1.2.0",
      "resolved": "https://registry.npmmirror.com/@rc-component/notification/-/notification-1.2.0.tgz",
      "integrity": "sha512-OX3J+zVU7rvoJCikjrfW7qOUp7zlDeFBK2eA3SFbGSkDqo63Sl4Ss8A04kFP+fxHSxMDIS9jYVEZtU1FNCFuBA==",
      "requires": {
        "@rc-component/motion": "^1.1.4",
        "@rc-component/util": "^1.2.1",
        "clsx": "^2.1.1"
      }
    },
    "@rc-component/overflow": {
      "version": "1.0.0",
      "resolved": "https://registry.npmmirror.com/@rc-component/overflow/-/overflow-1.0.0.tgz",
      "integrity": "sha512-GSlBeoE0XTBi5cf3zl8Qh7Uqhn7v8RrlJ8ajeVpEkNe94HWy5l5BQ0Mwn2TVUq9gdgbfEMUmTX7tJFAg7mz0Rw==",
      "requires": {
        "@babel/runtime": "^7.11.1",
        "@rc-component/resize-observer": "^1.0.1",
        "@rc-component/util": "^1.4.0",
        "clsx": "^2.1.1"
      }
    },
    "@rc-component/pagination": {
      "version": "1.2.0",
      "resolved": "https://registry.npmmirror.com/@rc-component/pagination/-/pagination-1.2.0.tgz",
      "integrity": "sha512-YcpUFE8dMLfSo6OARJlK6DbHHvrxz7pMGPGmC/caZSJJz6HRKHC1RPP001PRHCvG9Z/veD039uOQmazVuLJzlw==",
      "requires": {
        "@rc-component/util": "^1.3.0",
        "clsx": "^2.1.1"
      }
    },
    "@rc-component/picker": {
      "version": "1.9.0",
      "resolved": "https://registry.npmmirror.com/@rc-component/picker/-/picker-1.9.0.tgz",
      "integrity": "sha512-OLisdk8AWVCG9goBU1dWzuH5QlBQk8jktmQ6p0/IyBFwdKGwyIZOSjnBYo8hooHiTdl0lU+wGf/OfMtVBw02KQ==",
      "requires": {
        "@rc-component/overflow": "^1.0.0",
        "@rc-component/resize-observer": "^1.0.0",
        "@rc-component/trigger": "^3.6.15",
        "@rc-component/util": "^1.3.0",
        "clsx": "^2.1.1"
      }
    },
    "@rc-component/portal": {
      "version": "2.2.0",
      "resolved": "https://registry.npmmirror.com/@rc-component/portal/-/portal-2.2.0.tgz",
      "integrity": "sha512-oc6FlA+uXCMiwArHsJyHcIkX4q6uKyndrPol2eWX8YPkAnztHOPsFIRtmWG4BMlGE5h7YIRE3NiaJ5VS8Lb1QQ==",
      "requires": {
        "@rc-component/util": "^1.2.1",
        "clsx": "^2.1.1"
      }
    },
    "@rc-component/progress": {
      "version": "1.0.2",
      "resolved": "https://registry.npmmirror.com/@rc-component/progress/-/progress-1.0.2.tgz",
      "integrity": "sha512-WZUnH9eGxH1+xodZKqdrHke59uyGZSWgj5HBM5Kwk5BrTMuAORO7VJ2IP5Qbm9aH3n9x3IcesqHHR0NWPBC7fQ==",
      "requires": {
        "@rc-component/util": "^1.2.1",
        "clsx": "^2.1.1"
      }
    },
    "@rc-component/qrcode": {
      "version": "1.1.1",
      "resolved": "https://registry.npmmirror.com/@rc-component/qrcode/-/qrcode-1.1.1.tgz",
      "integrity": "sha512-LfLGNymzKdUPjXUbRP+xOhIWY4jQ+YMj5MmWAcgcAq1Ij8XP7tRmAXqyuv96XvLUBE/5cA8hLFl9eO1JQMujrA==",
      "requires": {
        "@babel/runtime": "^7.24.7"
      }
    },
    "@rc-component/rate": {
      "version": "1.0.1",
      "resolved": "https://registry.npmmirror.com/@rc-component/rate/-/rate-1.0.1.tgz",
      "integrity": "sha512-bkXxeBqDpl5IOC7yL7GcSYjQx9G8H+6kLYQnNZWeBYq2OYIv1MONd6mqKTjnnJYpV0cQIU2z3atdW0j1kttpTw==",
      "requires": {
        "@rc-component/util": "^1.3.0",
        "clsx": "^2.1.1"
      }
    },
    "@rc-component/resize-observer": {
      "version": "1.1.1",
      "resolved": "https://registry.npmmirror.com/@rc-component/resize-observer/-/resize-observer-1.1.1.tgz",
      "integrity": "sha512-NfXXMmiR+SmUuKE1NwJESzEUYUFWIDUn2uXpxCTOLwiRUUakd62DRNFjRJArgzyFW8S5rsL4aX5XlyIXyC/vRA==",
      "requires": {
        "@rc-component/util": "^1.2.0"
      }
    },
    "@rc-component/segmented": {
      "version": "1.3.0",
      "resolved": "https://registry.npmmirror.com/@rc-component/segmented/-/segmented-1.3.0.tgz",
      "integrity": "sha512-5J/bJ01mbDnoA6P/FW8SxUvKn+OgUSTZJPzCNnTBntG50tzoP7DydGhqxp7ggZXZls7me3mc2EQDXakU3iTVFg==",
      "requires": {
        "@babel/runtime": "^7.11.1",
        "@rc-component/motion": "^1.1.4",
        "@rc-component/util": "^1.3.0",
        "clsx": "^2.1.1"
      }
    },
    "@rc-component/select": {
      "version": "1.6.10",
      "resolved": "https://registry.npmmirror.com/@rc-component/select/-/select-1.6.10.tgz",
      "integrity": "sha512-y4+2LnyGZrAorIBwflk78PmFVUWcSc9pcljiH72oHj7K1YY/BFUmj224pD7P4o7J+tbIFES45Z7LIpjVmvYlNA==",
      "requires": {
        "@rc-component/overflow": "^1.0.0",
        "@rc-component/trigger": "^3.0.0",
        "@rc-component/util": "^1.3.0",
        "@rc-component/virtual-list": "^1.0.1",
        "clsx": "^2.1.1"
      }
    },
    "@rc-component/slider": {
      "version": "1.0.1",
      "resolved": "https://registry.npmmirror.com/@rc-component/slider/-/slider-1.0.1.tgz",
      "integrity": "sha512-uDhEPU1z3WDfCJhaL9jfd2ha/Eqpdfxsn0Zb0Xcq1NGQAman0TWaR37OWp2vVXEOdV2y0njSILTMpTfPV1454g==",
      "requires": {
        "@rc-component/util": "^1.3.0",
        "clsx": "^2.1.1"
      }
    },
    "@rc-component/steps": {
      "version": "1.2.2",
      "resolved": "https://registry.npmmirror.com/@rc-component/steps/-/steps-1.2.2.tgz",
      "integrity": "sha512-/yVIZ00gDYYPHSY0JP+M+s3ZvuXLu2f9rEjQqiUDs7EcYsUYrpJ/1bLj9aI9R7MBR3fu/NGh6RM9u2qGfqp+Nw==",
      "requires": {
        "@rc-component/util": "^1.2.1",
        "clsx": "^2.1.1"
      }
    },
    "@rc-component/switch": {
      "version": "1.0.3",
      "resolved": "https://registry.npmmirror.com/@rc-component/switch/-/switch-1.0.3.tgz",
      "integrity": "sha512-Jgi+EbOBquje/XNdofr7xbJQZPYJP+BlPfR0h+WN4zFkdtB2EWqEfvkXJWeipflwjWip0/17rNbxEAqs8hVHfw==",
      "requires": {
        "@rc-component/util": "^1.3.0",
        "clsx": "^2.1.1"
      }
    },
    "@rc-component/table": {
      "version": "1.9.1",
      "resolved": "https://registry.npmmirror.com/@rc-component/table/-/table-1.9.1.tgz",
      "integrity": "sha512-FVI5ZS/GdB3BcgexfCYKi3iHhZS3Fr59EtsxORszYGrfpH1eWr33eDNSYkVfLI6tfJ7vftJDd9D5apfFWqkdJg==",
      "requires": {
        "@rc-component/context": "^2.0.1",
        "@rc-component/resize-observer": "^1.0.0",
        "@rc-component/util": "^1.1.0",
        "@rc-component/virtual-list": "^1.0.1",
        "clsx": "^2.1.1"
      }
    },
    "@rc-component/tabs": {
      "version": "1.7.0",
      "resolved": "https://registry.npmmirror.com/@rc-component/tabs/-/tabs-1.7.0.tgz",
      "integrity": "sha512-J48cs2iBi7Ho3nptBxxIqizEliUC+ExE23faspUQKGQ550vaBlv3aGF8Epv/UB1vFWeoJDTW/dNzgIU0Qj5i/w==",
      "requires": {
        "@rc-component/dropdown": "~1.0.0",
        "@rc-component/menu": "~1.2.0",
        "@rc-component/motion": "^1.1.3",
        "@rc-component/resize-observer": "^1.0.0",
        "@rc-component/util": "^1.3.0",
        "clsx": "^2.1.1"
      }
    },
    "@rc-component/textarea": {
      "version": "1.1.2",
      "resolved": "https://registry.npmmirror.com/@rc-component/textarea/-/textarea-1.1.2.tgz",
      "integrity": "sha512-9rMUEODWZDMovfScIEHXWlVZuPljZ2pd1LKNjslJVitn4SldEzq5vO1CL3yy3Dnib6zZal2r2DPtjy84VVpF6A==",
      "requires": {
        "@rc-component/input": "~1.1.0",
        "@rc-component/resize-observer": "^1.0.0",
        "@rc-component/util": "^1.3.0",
        "clsx": "^2.1.1"
      }
    },
    "@rc-component/tooltip": {
      "version": "1.4.0",
      "resolved": "https://registry.npmmirror.com/@rc-component/tooltip/-/tooltip-1.4.0.tgz",
      "integrity": "sha512-8Rx5DCctIlLI4raR0I0xHjVTf1aF48+gKCNeAAo5bmF5VoR5YED+A/XEqzXv9KKqrJDRcd3Wndpxh2hyzrTtSg==",
      "requires": {
        "@rc-component/trigger": "^3.7.1",
        "@rc-component/util": "^1.3.0",
        "clsx": "^2.1.1"
      }
    },
    "@rc-component/tour": {
      "version": "2.3.0",
      "resolved": "https://registry.npmmirror.com/@rc-component/tour/-/tour-2.3.0.tgz",
      "integrity": "sha512-K04K9r32kUC+auBSQfr+Fss4SpSIS9JGe56oq/ALAX0p+i2ylYOI1MgR83yBY7v96eO6ZFXcM/igCQmubps0Ow==",
      "requires": {
        "@rc-component/portal": "^2.2.0",
        "@rc-component/trigger": "^3.0.0",
        "@rc-component/util": "^1.7.0",
        "clsx": "^2.1.1"
      }
    },
    "@rc-component/tree": {
      "version": "1.2.3",
      "resolved": "https://registry.npmmirror.com/@rc-component/tree/-/tree-1.2.3.tgz",
      "integrity": "sha512-mG8hF2ogQcKaEpfyxzPvMWqqkptofd7Sf+YiXOpPzuXLTLwNKfLDJtysc1/oybopbnzxNqWh2Vgwi+GYwNIb7w==",
      "requires": {
        "@rc-component/motion": "^1.0.0",
        "@rc-component/util": "^1.8.1",
        "@rc-component/virtual-list": "^1.0.1",
        "clsx": "^2.1.1"
      }
    },
    "@rc-component/tree-select": {
      "version": "1.8.0",
      "resolved": "https://registry.npmmirror.com/@rc-component/tree-select/-/tree-select-1.8.0.tgz",
      "integrity": "sha512-iYsPq3nuLYvGqdvFAW+l+I9ASRIOVbMXyA8FGZg2lGym/GwkaWeJGzI4eJ7c9IOEhRj0oyfIN4S92Fl3J05mjQ==",
      "requires": {
        "@rc-component/select": "~1.6.0",
        "@rc-component/tree": "~1.2.0",
        "@rc-component/util": "^1.4.0",
        "clsx": "^2.1.1"
      }
    },
    "@rc-component/trigger": {
      "version": "3.9.0",
      "resolved": "https://registry.npmmirror.com/@rc-component/trigger/-/trigger-3.9.0.tgz",
      "integrity": "sha512-X8btpwfrT27AgrZVOz4swclhEHTZcqaHeQMXXBgveagOiakTa36uObXbdwerXffgV8G9dH1fAAE0DHtVQs8EHg==",
      "requires": {
        "@rc-component/motion": "^1.1.4",
        "@rc-component/portal": "^2.2.0",
        "@rc-component/resize-observer": "^1.1.1",
        "@rc-component/util": "^1.2.1",
        "clsx": "^2.1.1"
      }
    },
    "@rc-component/upload": {
      "version": "1.1.0",
      "resolved": "https://registry.npmmirror.com/@rc-component/upload/-/upload-1.1.0.tgz",
      "integrity": "sha512-LIBV90mAnUE6VK5N4QvForoxZc4XqEYZimcp7fk+lkE4XwHHyJWxpIXQQwMU8hJM+YwBbsoZkGksL1sISWHQxw==",
      "requires": {
        "@rc-component/util": "^1.3.0",
        "clsx": "^2.1.1"
      }
    },
    "@rc-component/util": {
      "version": "1.9.0",
      "resolved": "https://registry.npmmirror.com/@rc-component/util/-/util-1.9.0.tgz",
      "integrity": "sha512-5uW6AfhIigCWeEQDthTozlxiT4Prn6xYQWeO0xokjcaa186OtwPRHBZJ2o0T0FhbjGhZ3vXdbkv0sx3gAYW7Vg==",
      "requires": {
        "is-mobile": "^5.0.0",
        "react-is": "^18.2.0"
      }
    },
    "@rc-component/virtual-list": {
      "version": "1.0.2",
      "resolved": "https://registry.npmmirror.com/@rc-component/virtual-list/-/virtual-list-1.0.2.tgz",
      "integrity": "sha512-uvTol/mH74FYsn5loDGJxo+7kjkO4i+y4j87Re1pxJBs0FaeuMuLRzQRGaXwnMcV1CxpZLi2Z56Rerj2M00fjQ==",
      "requires": {
        "@babel/runtime": "^7.20.0",
        "@rc-component/resize-observer": "^1.0.1",
        "@rc-component/util": "^1.4.0",
        "clsx": "^2.1.1"
      }
    },
    "antd": {
      "version": "6.3.0",
      "resolved": "https://registry.npmmirror.com/antd/-/antd-6.3.0.tgz",
      "integrity": "sha512-bbHJcASrRHp02wTpr940KtUHlTT6tvmaD4OAjqgOJXNmTQ/+qBDdBVWY/yeDV41p/WbWjTLlaqRGVbL3UEVpNw==",
      "requires": {
        "@ant-design/colors": "^8.0.1",
        "@ant-design/cssinjs": "^2.1.0",
        "@ant-design/cssinjs-utils": "^2.1.1",
        "@ant-design/fast-color": "^3.0.1",
        "@ant-design/icons": "^6.1.0",
        "@ant-design/react-slick": "~2.0.0",
        "@babel/runtime": "^7.28.4",
        "@rc-component/cascader": "~1.14.0",
        "@rc-component/checkbox": "~2.0.0",
        "@rc-component/collapse": "~1.2.0",
        "@rc-component/color-picker": "~3.1.0",
        "@rc-component/dialog": "~1.8.4",
        "@rc-component/drawer": "~1.4.2",
        "@rc-component/dropdown": "~1.0.2",
        "@rc-component/form": "~1.6.2",
        "@rc-component/image": "~1.6.0",
        "@rc-component/input": "~1.1.2",
        "@rc-component/input-number": "~1.6.2",
        "@rc-component/mentions": "~1.6.0",
        "@rc-component/menu": "~1.2.0",
        "@rc-component/motion": "~1.1.6",
        "@rc-component/mutate-observer": "^2.0.1",
        "@rc-component/notification": "~1.2.0",
        "@rc-component/pagination": "~1.2.0",
        "@rc-component/picker": "~1.9.0",
        "@rc-component/progress": "~1.0.2",
        "@rc-component/qrcode": "~1.1.1",
        "@rc-component/rate": "~1.0.1",
        "@rc-component/resize-observer": "^1.1.1",
        "@rc-component/segmented": "~1.3.0",
        "@rc-component/select": "~1.6.5",
        "@rc-component/slider": "~1.0.1",
        "@rc-component/steps": "~1.2.2",
        "@rc-component/switch": "~1.0.3",
        "@rc-component/table": "~1.9.1",
        "@rc-component/tabs": "~1.7.0",
        "@rc-component/textarea": "~1.1.2",
        "@rc-component/tooltip": "~1.4.0",
        "@rc-component/tour": "~2.3.0",
        "@rc-component/tree": "~1.2.3",
        "@rc-component/tree-select": "~1.8.0",
        "@rc-component/trigger": "^3.9.0",
        "@rc-component/upload": "~1.1.0",
        "@rc-component/util": "^1.9.0",
        "clsx": "^2.1.1",
        "dayjs": "^1.11.11",
        "scroll-into-view-if-needed": "^3.1.0",
        "throttle-debounce": "^5.0.2"
      }
    },
    "clsx": {
      "version": "2.1.1",
      "resolved": "https://registry.npmmirror.com/clsx/-/clsx-2.1.1.tgz",
      "integrity": "sha512-eYm0QWBtUrBWZWG0d386OGAw16Z995PiOVo2B7bjWSbHedGl5e0ZWaq65kOGgUSNesEIDkB9ISbTg/JK9dhCZA=="
    },
    "compute-scroll-into-view": {
      "version": "3.1.1",
      "resolved": "https://registry.npmmirror.com/compute-scroll-into-view/-/compute-scroll-into-view-3.1.1.tgz",
      "integrity": "sha512-VRhuHOLoKYOy4UbilLbUzbYg93XLjv2PncJC50EuTWPA3gaja1UjBsUP/D/9/juV3vQFr6XBEzn9KCAHdUvOHw=="
    },
    "csstype": {
      "version": "3.2.3",
      "resolved": "https://registry.npmmirror.com/csstype/-/csstype-3.2.3.tgz",
      "integrity": "sha512-z1HGKcYy2xA8AGQfwrn0PAy+PB7X/GSj3UVJW9qKyn43xWa+gl5nXmU4qqLMRzWVLFC8KusUX8T/0kCiOYpAIQ=="
    },
    "dayjs": {
      "version": "1.11.19",
      "resolved": "https://registry.npmmirror.com/dayjs/-/dayjs-1.11.19.tgz",
      "integrity": "sha512-t5EcLVS6QPBNqM2z8fakk/NKel+Xzshgt8FFKAn+qwlD1pzZWxh0nVCrvFK7ZDb6XucZeF9z8C7CBWTRIVApAw=="
    },
    "is-mobile": {
      "version": "5.0.0",
      "resolved": "https://registry.npmmirror.com/is-mobile/-/is-mobile-5.0.0.tgz",
      "integrity": "sha512-Tz/yndySvLAEXh+Uk8liFCxOwVH6YutuR74utvOcu7I9Di+DwM0mtdPVZNaVvvBUM2OXxne/NhOs1zAO7riusQ=="
    },
    "json2mq": {
      "version": "0.2.0",
      "resolved": "https://registry.npmmirror.com/json2mq/-/json2mq-0.2.0.tgz",
      "integrity": "sha512-SzoRg7ux5DWTII9J2qkrZrqV1gt+rTaoufMxEzXbS26Uid0NwaJd123HcoB80TgubEppxxIGdNxCx50fEoEWQA==",
      "requires": {
        "string-convert": "^0.2.0"
      }
    },
    "react-is": {
      "version": "18.3.1",
      "resolved": "https://registry.npmmirror.com/react-is/-/react-is-18.3.1.tgz",
      "integrity": "sha512-/LLMVyas0ljjAtoYiPqYiL8VWXzUUdThrmU5+n20DZv+a+ClRoevUzw5JxU+Ieh5/c87ytoTBV9G1FiKfNJdmg=="
    },
    "scroll-into-view-if-needed": {
      "version": "3.1.0",
      "resolved": "https://registry.npmmirror.com/scroll-into-view-if-needed/-/scroll-into-view-if-needed-3.1.0.tgz",
      "integrity": "sha512-49oNpRjWRvnU8NyGVmUaYG4jtTkNonFZI86MmGRDqBphEK2EXT9gdEUoQPZhuBM8yWHxCWbobltqYO5M4XrUvQ==",
      "requires": {
        "compute-scroll-into-view": "^3.0.2"
      }
    },
    "string-convert": {
      "version": "0.2.1",
      "resolved": "https://registry.npmmirror.com/string-convert/-/string-convert-0.2.1.tgz",
      "integrity": "sha512-u/1tdPl4yQnPBjnVrmdLo9gtuLvELKsAoRapekWggdiQNvvvum+jYF329d84NAa660KQw7pB2n36KrIKVoXa3A=="
    },
    "stylis": {
      "version": "4.3.6",
      "resolved": "https://registry.npmmirror.com/stylis/-/stylis-4.3.6.tgz",
      "integrity": "sha512-yQ3rwFWRfwNUY7H5vpU0wfdkNSnvnJinhF9830Swlaxl03zsOjCfmX0ugac+3LtK0lYSgwL/KXc8oYL3mG4YFQ=="
    },
    "throttle-debounce": {
      "version": "5.0.2",
      "resolved": "https://registry.npmmirror.com/throttle-debounce/-/throttle-debounce-5.0.2.tgz",
      "integrity": "sha512-B71/4oyj61iNH0KeCamLuE2rmKuTO5byTOSVwECM5FA7TiAiAW+UqTKZ9ERueC4qvgSttUhdmq1mXC3kJqGX7A=="
    },
    "@next/swc-darwin-arm64": {
      "version": "14.2.25",
      "resolved": "https://registry.npmjs.org/@next/swc-darwin-arm64/-/swc-darwin-arm64-14.2.25.tgz",
      "integrity": "sha512-09clWInF1YRd6le00vt750s3m7SEYNehz9C4PUcSu3bAdCTpjIV4aTYQZ25Ehrr83VR1rZeqtKUPWSI7GfuKZQ==",
      "optional": true
    },
    "@next/swc-darwin-x64": {
      "version": "14.2.25",
      "resolved": "https://registry.npmjs.org/@next/swc-darwin-x64/-/swc-darwin-x64-14.2.25.tgz",
      "integrity": "sha512-V+iYM/QR+aYeJl3/FWWU/7Ix4b07ovsQ5IbkwgUK29pTHmq+5UxeDr7/dphvtXEq5pLB/PucfcBNh9KZ8vWbug==",
      "optional": true
    },
    "@next/swc-linux-arm64-gnu": {
      "version": "14.2.25",
      "resolved": "https://registry.npmjs.org/@next/swc-linux-arm64-gnu/-/swc-linux-arm64-gnu-14.2.25.tgz",
      "integrity": "sha512-LFnV2899PJZAIEHQ4IMmZIgL0FBieh5keMnriMY1cK7ompR+JUd24xeTtKkcaw8QmxmEdhoE5Mu9dPSuDBgtTg==",
      "optional": true
    },
    "@next/swc-linux-arm64-musl": {
      "version": "14.2.25",
      "resolved": "https://registry.npmjs.org/@next/swc-linux-arm64-musl/-/swc-linux-arm64-musl-14.2.25.tgz",
      "integrity": "sha512-QC5y5PPTmtqFExcKWKYgUNkHeHE/z3lUsu83di488nyP0ZzQ3Yse2G6TCxz6nNsQwgAx1BehAJTZez+UQxzLfw==",
      "optional": true
    },
    "@next/swc-linux-x64-gnu": {
      "version": "14.2.25",
      "resolved": "https://registry.npmjs.org/@next/swc-linux-x64-gnu/-/swc-linux-x64-gnu-14.2.25.tgz",
      "integrity": "sha512-y6/ML4b9eQ2D/56wqatTJN5/JR8/xdObU2Fb1RBidnrr450HLCKr6IJZbPqbv7NXmje61UyxjF5kvSajvjye5w==",
      "optional": true
    },
    "@next/swc-linux-x64-musl": {
      "version": "14.2.25",
      "resolved": "https://registry.npmjs.org/@next/swc-linux-x64-musl/-/swc-linux-x64-musl-14.2.25.tgz",
      "integrity": "sha512-sPX0TSXHGUOZFvv96GoBXpB3w4emMqKeMgemrSxI7A6l55VBJp/RKYLwZIB9JxSqYPApqiREaIIap+wWq0RU8w==",
      "optional": true
    },
    "@next/swc-win32-arm64-msvc": {
      "version": "14.2.25",
      "resolved": "https://registry.npmjs.org/@next/swc-win32-arm64-msvc/-/swc-win32-arm64-msvc-14.2.25.tgz",
      "integrity": "sha512-ReO9S5hkA1DU2cFCsGoOEp7WJkhFzNbU/3VUF6XxNGUCQChyug6hZdYL/istQgfT/GWE6PNIg9cm784OI4ddxQ==",
      "optional": true
    },
    "@next/swc-win32-ia32-msvc": {
      "version": "14.2.25",
      "resolved": "https://registry.npmjs.org/@next/swc-win32-ia32-msvc/-/swc-win32-ia32-msvc-14.2.25.tgz",
      "integrity": "sha512-DZ/gc0o9neuCDyD5IumyTGHVun2dCox5TfPQI/BJTYwpSNYM3CZDI4i6TOdjeq1JMo+Ug4kPSMuZdwsycwFbAw==",
      "optional": true
    },
    "@next/swc-win32-x64-msvc": {
      "version": "14.2.25",
      "resolved": "https://registry.npmjs.org/@next/swc-win32-x64-msvc/-/swc-win32-x64-msvc-14.2.25.tgz",
      "integrity": "sha512-KSznmS6eFjQ9RJ1nEc66kJvtGIL1iZMYmGEXsZPh2YtnLtqrgdVvKXJY2ScjjoFnG6nGLyPFR0UiEvDwVah4Tw==",
      "optional": true
    }
  }
}
